
Microsoft Visual Studio Solution File, Format Version 12.00
# Visual Studio Version 17
VisualStudioVersion = 17.3.32901.215
MinimumVisualStudioVersion = 10.0.40219.1
Project("{FAE04EC0-301F-11D3-BF4B-00C04F79EFBC}") = "Receipt _Scanner", "Receipt _Scanner.csproj", "{B8FB4712-5718-4A7F-9786-78A15E956EE1}"
EndProject
Global
	GlobalSection(SolutionConfigurationPlatforms) = preSolution
		Debug|Any CPU = Debug|Any CPU
		Release|Any CPU = Release|Any CPU
	EndGlobalSection
	GlobalSection(ProjectConfigurationPlatforms) = postSolution
		{B8FB4712-5718-4A7F-9786-78A15E956EE1}.Debug|Any CPU.ActiveCfg = Debug|Any CPU
		{B8FB4712-5718-4A7F-9786-78A15E956EE1}.Debug|Any CPU.Build.0 = Debug|Any CPU
		{B8FB4712-5718-4A7F-9786-78A15E956EE1}.Release|Any CPU.ActiveCfg = Release|Any CPU
		{B8FB4712-5718-4A7F-9786-78A15E956EE1}.Release|Any CPU.Build.0 = Release|Any CPU
	EndGlobalSection
	GlobalSection(SolutionProperties) = preSolution
		HideSolutionNode = FALSE
	EndGlobalSection
	GlobalSection(ExtensibilityGlobals) = postSolution
		SolutionGuid = {713A4299-C6A9-4493-8BE1-C19DF4BFD49F}
	EndGlobalSection
EndGlobal
